
Microsoft Visual Studio Solution File, Format Version 12.00
# Visual Studio Version 17
VisualStudioVersion = 17.14.36518.9
MinimumVisualStudioVersion = 10.0.40219.1
Project("{FAE04EC0-301F-11D3-BF4B-00C04F79EFBC}") = "Proiect Licenta", "Proiect Licenta\Proiect Licenta.csproj", "{44B3AAA5-C767-4EAC-BBA1-37DF6BEEB92B}"
EndProject
Project("{FAE04EC0-301F-11D3-BF4B-00C04F79EFBC}") = "Proiect_Licenta.Tests", "Proiect_Licenta.Tests\Proiect_Licenta.Tests.csproj", "{4E80E53C-6CD9-8D2E-7398-3552A997F706}"
EndProject
Global
	GlobalSection(SolutionConfigurationPlatforms) = preSolution
		Debug|Any CPU = Debug|Any CPU
		Release|Any CPU = Release|Any CPU
	EndGlobalSection
	GlobalSection(ProjectConfigurationPlatforms) = postSolution
		{44B3AAA5-C767-4EAC-BBA1-37DF6BEEB92B}.Debug|Any CPU.ActiveCfg = Debug|Any CPU
		{44B3AAA5-C767-4EAC-BBA1-37DF6BEEB92B}.Debug|Any CPU.Build.0 = Debug|Any CPU
		{44B3AAA5-C767-4EAC-BBA1-37DF6BEEB92B}.Release|Any CPU.ActiveCfg = Release|Any CPU
		{44B3AAA5-C767-4EAC-BBA1-37DF6BEEB92B}.Release|Any CPU.Build.0 = Release|Any CPU
		{4E80E53C-6CD9-8D2E-7398-3552A997F706}.Debug|Any CPU.ActiveCfg = Debug|Any CPU
		{4E80E53C-6CD9-8D2E-7398-3552A997F706}.Debug|Any CPU.Build.0 = Debug|Any CPU
		{4E80E53C-6CD9-8D2E-7398-3552A997F706}.Release|Any CPU.ActiveCfg = Release|Any CPU
		{4E80E53C-6CD9-8D2E-7398-3552A997F706}.Release|Any CPU.Build.0 = Release|Any CPU
	EndGlobalSection
	GlobalSection(SolutionProperties) = preSolution
		HideSolutionNode = FALSE
	EndGlobalSection
	GlobalSection(ExtensibilityGlobals) = postSolution
		SolutionGuid = {B8FE6220-AADA-4E0E-86C8-BF62BB3EDC1B}
	EndGlobalSection
EndGlobal
